# THIS IS AN AUTOGENERATED FILE. DO NOT EDIT THIS FILE DIRECTLY.
# yarn lockfile v1


"@napi-rs/canvas-android-arm64@0.1.51":
  version "0.1.51"
  resolved "https://registry.yarnpkg.com/@napi-rs/canvas-android-arm64/-/canvas-android-arm64-0.1.51.tgz#228b96a295e0c7c1d39365ca4cdae8d3f97ec2e1"
  integrity sha512-PAUA67PN+DuhvudfeIK+Ts9jnKhqgBrQkoZL9i9gV5tG3064bKOss7AJONGbDWOaSVSrmv6by1vsS25uputLYg==

"@napi-rs/canvas-darwin-arm64@0.1.51":
  version "0.1.51"
  resolved "https://registry.yarnpkg.com/@napi-rs/canvas-darwin-arm64/-/canvas-darwin-arm64-0.1.51.tgz#7fa884072f812d3241e9c90e96bd95b7814bd799"
  integrity sha512-HUSeqDqwxGRZ/XwEHdVj1V0d6qhHkMZnmkxZz1dUA1Qe5cl18TzW5LUq03yt4/zP/fYfjkqXCPchRYJoQiXc6g==

"@napi-rs/canvas-darwin-x64@0.1.51":
  version "0.1.51"
  resolved "https://registry.yarnpkg.com/@napi-rs/canvas-darwin-x64/-/canvas-darwin-x64-0.1.51.tgz#2cb92825b4140db5aa512e0c10aa01b2e470b31c"
  integrity sha512-HuppKkD3B+DWSAdAvrJjPhuqSX4zZv4kdw9+LDAoNvoYbq1USn96MnwYdIuH+XxNswuVsdBiB45hfK7elLLWjA==

"@napi-rs/canvas-linux-arm-gnueabihf@0.1.51":
  version "0.1.51"
  resolved "https://registry.yarnpkg.com/@napi-rs/canvas-linux-arm-gnueabihf/-/canvas-linux-arm-gnueabihf-0.1.51.tgz#0747dedf5079c750e01c9a69c39939c3ac62153b"
  integrity sha512-Dr92419tDE0E8/bIWT3rdTzAj+C7ySP9HIwtvxTx+X7vJO3G7+D8fTYHe1TpYtiBq81RcMmcqLbpl5DXAPNuIw==

"@napi-rs/canvas-linux-arm64-gnu@0.1.51":
  version "0.1.51"
  resolved "https://registry.yarnpkg.com/@napi-rs/canvas-linux-arm64-gnu/-/canvas-linux-arm64-gnu-0.1.51.tgz#05ee6ed148fc38a32b38b256b61add7e9275a981"
  integrity sha512-swv6JPtL72UYc3sne52QvYJ8aU8FQ0OZ3kGrLa7M9u4FUJJREnQ1MhqA8vj1IrdxUIeBZvBvakk+koiA7o/eXw==

"@napi-rs/canvas-linux-arm64-musl@0.1.51":
  version "0.1.51"
  resolved "https://registry.yarnpkg.com/@napi-rs/canvas-linux-arm64-musl/-/canvas-linux-arm64-musl-0.1.51.tgz#e0b337546f41c579afb6b31246db2cc49047acd7"
  integrity sha512-dKhVNJ3DGX+vf0EnQ6356suRAT3BPxfcmV6DzDjONro54eDoJM1UCb4Ujamq7aCcVu9aYIIoed8i7GNRDknfTA==

"@napi-rs/canvas-linux-x64-gnu@0.1.51":
  version "0.1.51"
  resolved "https://registry.yarnpkg.com/@napi-rs/canvas-linux-x64-gnu/-/canvas-linux-x64-gnu-0.1.51.tgz#f39bbca718d31c1386e84a8ce3ac0639d7859660"
  integrity sha512-g6SCDxT1glof0GcZVbfqLEWQQChRulM+pKJW2p2GquCi//MFwqVsjiD9Pld77FYjiXnXfLHavGNZ0oh0AdZM/A==

"@napi-rs/canvas-linux-x64-musl@0.1.51":
  version "0.1.51"
  resolved "https://registry.yarnpkg.com/@napi-rs/canvas-linux-x64-musl/-/canvas-linux-x64-musl-0.1.51.tgz#43ddc25bb009f18a488e97f271613b109c5b8b46"
  integrity sha512-YFklknFT2Mj6Wx15NpWag8GKNjC/ca/Uap7Pb56pt0lLe1Vz2/JLxiolmUwnuAN/xcdwuIpUGKmEeLqc4W+/+w==

"@napi-rs/canvas-win32-x64-msvc@0.1.51":
  version "0.1.51"
  resolved "https://registry.yarnpkg.com/@napi-rs/canvas-win32-x64-msvc/-/canvas-win32-x64-msvc-0.1.51.tgz#6b9ca771a157904962def8d5101c7ac6da5521ed"
  integrity sha512-n+sgQ6hr1hgxAFIozUhgSlsswFxOl51HNuMAz1EA9M+jh6yIMopO+6RV55j6yYX0Vxkqbj9wkkaEIC3uQisGAg==

"@napi-rs/canvas@^0.1.51":
  version "0.1.51"
  resolved "https://registry.yarnpkg.com/@napi-rs/canvas/-/canvas-0.1.51.tgz#ad316857cc3d39645962588b855aac6e5b32c0d2"
  integrity sha512-9cD1BQk0kPrdLxdSPFEL7c9oeNPGZLEDn2F/Ctui7hoIdJLRm34BSW5/88UJbmgWVLM5+Ju/XKM1Rny3z3bhfQ==
  optionalDependencies:
    "@napi-rs/canvas-android-arm64" "0.1.51"
    "@napi-rs/canvas-darwin-arm64" "0.1.51"
    "@napi-rs/canvas-darwin-x64" "0.1.51"
    "@napi-rs/canvas-linux-arm-gnueabihf" "0.1.51"
    "@napi-rs/canvas-linux-arm64-gnu" "0.1.51"
    "@napi-rs/canvas-linux-arm64-musl" "0.1.51"
    "@napi-rs/canvas-linux-x64-gnu" "0.1.51"
    "@napi-rs/canvas-linux-x64-musl" "0.1.51"
    "@napi-rs/canvas-win32-x64-msvc" "0.1.51"

asynckit@^0.4.0:
  version "0.4.0"
  resolved "https://registry.yarnpkg.com/asynckit/-/asynckit-0.4.0.tgz#c79ed97f7f34cb8f2ba1bc9790bcc366474b4b79"
  integrity sha512-Oei9OH4tRh0YqU3GxhX79dM/mwVgvbZJaSNaRk+bshkj0S5cfHcgYakreBjrHwatXKbz+IoIdYLxrKim2MjW0Q==

axios@^1.6.8:
  version "1.6.8"
  resolved "https://registry.yarnpkg.com/axios/-/axios-1.6.8.tgz#66d294951f5d988a00e87a0ffb955316a619ea66"
  integrity sha512-v/ZHtJDU39mDpyBoFVkETcd/uNdxrWRrg3bKpOKzXFA6Bvqopts6ALSMU3y6ijYxbw2B+wPrIv46egTzJXCLGQ==
  dependencies:
    follow-redirects "^1.15.6"
    form-data "^4.0.0"
    proxy-from-env "^1.1.0"

charenc@0.0.2:
  version "0.0.2"
  resolved "https://registry.yarnpkg.com/charenc/-/charenc-0.0.2.tgz#c0a1d2f3a7092e03774bfa83f14c0fc5790a8667"
  integrity sha512-yrLQ/yVUFXkzg7EDQsPieE/53+0RlaWTs+wBrvW36cyilJ2SaDWfl4Yj7MtLTXleV9uEKefbAGUPv2/iWSooRA==

combined-stream@^1.0.8:
  version "1.0.8"
  resolved "https://registry.yarnpkg.com/combined-stream/-/combined-stream-1.0.8.tgz#c3d45a8b34fd730631a110a8a2520682b31d5a7f"
  integrity sha512-FQN4MRfuJeHf7cBbBMJFXhKSDq+2kAArBlmRBvcvFE5BB1HZKXtSFASDhdlz9zOYwxh8lDdnvmMOe/+5cdoEdg==
  dependencies:
    delayed-stream "~1.0.0"

crypt@0.0.2:
  version "0.0.2"
  resolved "https://registry.yarnpkg.com/crypt/-/crypt-0.0.2.tgz#88d7ff7ec0dfb86f713dc87bbb42d044d3e6c41b"
  integrity sha512-mCxBlsHFYh9C+HVpiEacem8FEBnMXgU9gy4zmNC+SXAZNB/1idgp/aulFJ4FgCi7GPEVbfyng092GqL2k2rmow==

delayed-stream@~1.0.0:
  version "1.0.0"
  resolved "https://registry.yarnpkg.com/delayed-stream/-/delayed-stream-1.0.0.tgz#df3ae199acadfb7d440aaae0b29e2272b24ec619"
  integrity sha512-ZySD7Nf91aLB0RxL4KGrKHBXl7Eds1DAmEdcoVawXnLD7SDhpNgtuII2aAkg7a7QS41jxPSZ17p4VdGnMHk3MQ==

follow-redirects@^1.15.6:
  version "1.15.6"
  resolved "https://registry.yarnpkg.com/follow-redirects/-/follow-redirects-1.15.6.tgz#7f815c0cda4249c74ff09e95ef97c23b5fd0399b"
  integrity sha512-wWN62YITEaOpSK584EZXJafH1AGpO8RVgElfkuXbTOrPX4fIfOyEpW/CsiNd8JdYrAoOvafRTOEnvsO++qCqFA==

form-data@^4.0.0:
  version "4.0.0"
  resolved "https://registry.yarnpkg.com/form-data/-/form-data-4.0.0.tgz#93919daeaf361ee529584b9b31664dc12c9fa452"
  integrity sha512-ETEklSGi5t0QMZuiXoA/Q6vcnxcLQP5vdugSpuAyi6SVGi2clPPp+xgEhuMaHC+zGgn31Kd235W35f7Hykkaww==
  dependencies:
    asynckit "^0.4.0"
    combined-stream "^1.0.8"
    mime-types "^2.1.12"

is-buffer@~1.1.6:
  version "1.1.6"
  resolved "https://registry.yarnpkg.com/is-buffer/-/is-buffer-1.1.6.tgz#efaa2ea9daa0d7ab2ea13a97b2b8ad51fefbe8be"
  integrity sha512-NcdALwpXkTm5Zvvbk7owOUSvVvBKDgKP5/ewfXEznmQFfs4ZRmanOeKBTjRVjka3QFoN6XJ+9F3USqfHqTaU5w==

md5@^2.3.0:
  version "2.3.0"
  resolved "https://registry.yarnpkg.com/md5/-/md5-2.3.0.tgz#c3da9a6aae3a30b46b7b0c349b87b110dc3bda4f"
  integrity sha512-T1GITYmFaKuO91vxyoQMFETst+O71VUPEU3ze5GNzDm0OWdP8v1ziTaAEPUr/3kLsY3Sftgz242A1SetQiDL7g==
  dependencies:
    charenc "0.0.2"
    crypt "0.0.2"
    is-buffer "~1.1.6"

mime-db@1.52.0:
  version "1.52.0"
  resolved "https://registry.yarnpkg.com/mime-db/-/mime-db-1.52.0.tgz#bbabcdc02859f4987301c856e3387ce5ec43bf70"
  integrity sha512-sPU4uV7dYlvtWJxwwxHD0PuihVNiE7TyAbQ5SWxDCB9mUYvOgroQOwYQQOKPJ8CIbE+1ETVlOoK1UC2nU3gYvg==

mime-types@^2.1.12:
  version "2.1.35"
  resolved "https://registry.yarnpkg.com/mime-types/-/mime-types-2.1.35.tgz#381a871b62a734450660ae3deee44813f70d959a"
  integrity sha512-ZDY+bPm5zTTF+YpCrAU9nK0UgICYPT0QtT1NZWFv4s++TNkcgVaT0g6+4R2uI4MjQjzysHB1zxuWL50hzaeXiw==
  dependencies:
    mime-db "1.52.0"

proxy-from-env@^1.1.0:
  version "1.1.0"
  resolved "https://registry.yarnpkg.com/proxy-from-env/-/proxy-from-env-1.1.0.tgz#e102f16ca355424865755d2c9e8ea4f24d58c3e2"
  integrity sha512-D+zkORCbA9f1tdWRK0RaCR3GPv50cMxcrz4X8k5LTSUD1Dkw47mKJEZQNunItRTkWwgtaUSo1RVFRIG9ZXiFYg==

thumbhash@^0.1.1:
  version "0.1.1"
  resolved "https://registry.yarnpkg.com/thumbhash/-/thumbhash-0.1.1.tgz#bd2b8616fc043f2b17151dfce0cce1408e0ebbeb"
  integrity sha512-kH5pKeIIBPQXAOni2AiY/Cu/NKdkFREdpH+TLdM0g6WA7RriCv0kPLgP731ady67MhTAqrVG/4mnEeibVuCJcg==

uint8-to-base64@^0.2.0:
  version "0.2.0"
  resolved "https://registry.yarnpkg.com/uint8-to-base64/-/uint8-to-base64-0.2.0.tgz#3f46a5f290db773c41c38cef025a4e49eadb3f3f"
  integrity sha512-r13jrghEYZAN99GeYpEjM107DOxqB65enskpwce8rRHVAGEtaWmsF5GqoGdPMf8DIXc9XyAJTdvlvRZi4LsszA==
